// !$*UTF8*$!
{
	archiveVersion = 1;
	classes = {
	};
	objectVersion = 46;
	objects = {

/* Begin PBXBuildFile section */
		89470B351C8DA64800ECBE1B /* main.m in Sources */ = {isa = PBXBuildFile; fileRef = 89470B341C8DA64800ECBE1B /* main.m */; };
		89470B381C8DA64800ECBE1B /* AppDelegate.m in Sources */ = {isa = PBXBuildFile; fileRef = 89470B371C8DA64800ECBE1B /* AppDelegate.m */; };
		89470B3B1C8DA64800ECBE1B /* ViewController.m in Sources */ = {isa = PBXBuildFile; fileRef = 89470B3A1C8DA64800ECBE1B /* ViewController.m */; };
		89470B3E1C8DA64800ECBE1B /* Main.storyboard in Resources */ = {isa = PBXBuildFile; fileRef = 89470B3C1C8DA64800ECBE1B /* Main.storyboard */; };
		89470B401C8DA64800ECBE1B /* Assets.xcassets in Resources */ = {isa = PBXBuildFile; fileRef = 89470B3F1C8DA64800ECBE1B /* Assets.xcassets */; };
		89470B431C8DA64800ECBE1B /* LaunchScreen.storyboard in Resources */ = {isa = PBXBuildFile; fileRef = 89470B411C8DA64800ECBE1B /* LaunchScreen.storyboard */; };
		89470B5D1C8DA65500ECBE1B /* FloatDanmaku.m in Sources */ = {isa = PBXBuildFile; fileRef = 89470B4D1C8DA65500ECBE1B /* FloatDanmaku.m */; };
		89470B5E1C8DA65500ECBE1B /* ParentDanmaku.m in Sources */ = {isa = PBXBuildFile; fileRef = 89470B4F1C8DA65500ECBE1B /* ParentDanmaku.m */; };
		89470B5F1C8DA65500ECBE1B /* ScrollDanmaku.m in Sources */ = {isa = PBXBuildFile; fileRef = 89470B511C8DA65500ECBE1B /* ScrollDanmaku.m */; };
		89470B601C8DA65500ECBE1B /* DanmakuContainer.m in Sources */ = {isa = PBXBuildFile; fileRef = 89470B531C8DA65500ECBE1B /* DanmakuContainer.m */; };
		89470B611C8DA65500ECBE1B /* JHDanmakuCanvas.m in Sources */ = {isa = PBXBuildFile; fileRef = 89470B551C8DA65500ECBE1B /* JHDanmakuCanvas.m */; };
		89470B621C8DA65500ECBE1B /* JHDanmakuClock.m in Sources */ = {isa = PBXBuildFile; fileRef = 89470B571C8DA65500ECBE1B /* JHDanmakuClock.m */; };
		89470B631C8DA65500ECBE1B /* JHDanmakuEngine.m in Sources */ = {isa = PBXBuildFile; fileRef = 89470B591C8DA65500ECBE1B /* JHDanmakuEngine.m */; };
		89470B641C8DA65500ECBE1B /* JHDisplayLink.m in Sources */ = {isa = PBXBuildFile; fileRef = 89470B5C1C8DA65500ECBE1B /* JHDisplayLink.m */; };
		89470BAF1C8DF0B000ECBE1B /* libxml2.tbd in Frameworks */ = {isa = PBXBuildFile; fileRef = 89470BAE1C8DF0B000ECBE1B /* libxml2.tbd */; };
		89470BB31C8DF13A00ECBE1B /* test.xml in Resources */ = {isa = PBXBuildFile; fileRef = 89470BB21C8DF13A00ECBE1B /* test.xml */; };
		89470BC01C8DF24E00ECBE1B /* DanMuDataFormatter.m in Sources */ = {isa = PBXBuildFile; fileRef = 89470BB61C8DF24E00ECBE1B /* DanMuDataFormatter.m */; };
		89470BC11C8DF24E00ECBE1B /* DanMuDataModel.m in Sources */ = {isa = PBXBuildFile; fileRef = 89470BB81C8DF24E00ECBE1B /* DanMuDataModel.m */; };
		89470BC21C8DF24E00ECBE1B /* GDataXMLNode.m in Sources */ = {isa = PBXBuildFile; fileRef = 89470BBB1C8DF24E00ECBE1B /* GDataXMLNode.m */; };
		89470BC31C8DF24E00ECBE1B /* JHDanmakuEngine+Tools.m in Sources */ = {isa = PBXBuildFile; fileRef = 89470BBD1C8DF24E00ECBE1B /* JHDanmakuEngine+Tools.m */; };
		89470BC41C8DF24E00ECBE1B /* UIColor+Tools.m in Sources */ = {isa = PBXBuildFile; fileRef = 89470BBF1C8DF24E00ECBE1B /* UIColor+Tools.m */; };
/* End PBXBuildFile section */

/* Begin PBXFileReference section */
		89470B301C8DA64800ECBE1B /* IOSDemo.app */ = {isa = PBXFileReference; explicitFileType = wrapper.application; includeInIndex = 0; path = IOSDemo.app; sourceTree = BUILT_PRODUCTS_DIR; };
		89470B341C8DA64800ECBE1B /* main.m */ = {isa = PBXFileReference; lastKnownFileType = sourcecode.c.objc; path = main.m; sourceTree = "<group>"; };
		89470B361C8DA64800ECBE1B /* AppDelegate.h */ = {isa = PBXFileReference; lastKnownFileType = sourcecode.c.h; path = AppDelegate.h; sourceTree = "<group>"; };
		89470B371C8DA64800ECBE1B /* AppDelegate.m */ = {isa = PBXFileReference; lastKnownFileType = sourcecode.c.objc; path = AppDelegate.m; sourceTree = "<group>"; };
		89470B391C8DA64800ECBE1B /* ViewController.h */ = {isa = PBXFileReference; lastKnownFileType = sourcecode.c.h; path = ViewController.h; sourceTree = "<group>"; };
		89470B3A1C8DA64800ECBE1B /* ViewController.m */ = {isa = PBXFileReference; lastKnownFileType = sourcecode.c.objc; path = ViewController.m; sourceTree = "<group>"; };
		89470B3D1C8DA64800ECBE1B /* Base */ = {isa = PBXFileReference; lastKnownFileType = file.storyboard; name = Base; path = Base.lproj/Main.storyboard; sourceTree = "<group>"; };
		89470B3F1C8DA64800ECBE1B /* Assets.xcassets */ = {isa = PBXFileReference; lastKnownFileType = folder.assetcatalog; path = Assets.xcassets; sourceTree = "<group>"; };
		89470B421C8DA64800ECBE1B /* Base */ = {isa = PBXFileReference; lastKnownFileType = file.storyboard; name = Base; path = Base.lproj/LaunchScreen.storyboard; sourceTree = "<group>"; };
		89470B441C8DA64800ECBE1B /* Info.plist */ = {isa = PBXFileReference; lastKnownFileType = text.plist.xml; path = Info.plist; sourceTree = "<group>"; };
		89470B4C1C8DA65500ECBE1B /* FloatDanmaku.h */ = {isa = PBXFileReference; fileEncoding = 4; lastKnownFileType = sourcecode.c.h; path = FloatDanmaku.h; sourceTree = "<group>"; };
		89470B4D1C8DA65500ECBE1B /* FloatDanmaku.m */ = {isa = PBXFileReference; fileEncoding = 4; lastKnownFileType = sourcecode.c.objc; path = FloatDanmaku.m; sourceTree = "<group>"; };
		89470B4E1C8DA65500ECBE1B /* ParentDanmaku.h */ = {isa = PBXFileReference; fileEncoding = 4; lastKnownFileType = sourcecode.c.h; path = ParentDanmaku.h; sourceTree = "<group>"; };
		89470B4F1C8DA65500ECBE1B /* ParentDanmaku.m */ = {isa = PBXFileReference; fileEncoding = 4; lastKnownFileType = sourcecode.c.objc; path = ParentDanmaku.m; sourceTree = "<group>"; };
		89470B501C8DA65500ECBE1B /* ScrollDanmaku.h */ = {isa = PBXFileReference; fileEncoding = 4; lastKnownFileType = sourcecode.c.h; path = ScrollDanmaku.h; sourceTree = "<group>"; };
		89470B511C8DA65500ECBE1B /* ScrollDanmaku.m */ = {isa = PBXFileReference; fileEncoding = 4; lastKnownFileType = sourcecode.c.objc; path = ScrollDanmaku.m; sourceTree = "<group>"; };
		89470B521C8DA65500ECBE1B /* DanmakuContainer.h */ = {isa = PBXFileReference; fileEncoding = 4; lastKnownFileType = sourcecode.c.h; path = DanmakuContainer.h; sourceTree = "<group>"; };
		89470B531C8DA65500ECBE1B /* DanmakuContainer.m */ = {isa = PBXFileReference; fileEncoding = 4; lastKnownFileType = sourcecode.c.objc; path = DanmakuContainer.m; sourceTree = "<group>"; };
		89470B541C8DA65500ECBE1B /* JHDanmakuCanvas.h */ = {isa = PBXFileReference; fileEncoding = 4; lastKnownFileType = sourcecode.c.h; path = JHDanmakuCanvas.h; sourceTree = "<group>"; };
		89470B551C8DA65500ECBE1B /* JHDanmakuCanvas.m */ = {isa = PBXFileReference; fileEncoding = 4; lastKnownFileType = sourcecode.c.objc; path = JHDanmakuCanvas.m; sourceTree = "<group>"; };
		89470B561C8DA65500ECBE1B /* JHDanmakuClock.h */ = {isa = PBXFileReference; fileEncoding = 4; lastKnownFileType = sourcecode.c.h; path = JHDanmakuClock.h; sourceTree = "<group>"; };
		89470B571C8DA65500ECBE1B /* JHDanmakuClock.m */ = {isa = PBXFileReference; fileEncoding = 4; lastKnownFileType = sourcecode.c.objc; path = JHDanmakuClock.m; sourceTree = "<group>"; };
		89470B581C8DA65500ECBE1B /* JHDanmakuEngine.h */ = {isa = PBXFileReference; fileEncoding = 4; lastKnownFileType = sourcecode.c.h; path = JHDanmakuEngine.h; sourceTree = "<group>"; };
		89470B591C8DA65500ECBE1B /* JHDanmakuEngine.m */ = {isa = PBXFileReference; fileEncoding = 4; lastKnownFileType = sourcecode.c.objc; path = JHDanmakuEngine.m; sourceTree = "<group>"; };
		89470B5A1C8DA65500ECBE1B /* JHDanmakuRender.h */ = {isa = PBXFileReference; fileEncoding = 4; lastKnownFileType = sourcecode.c.h; path = JHDanmakuRender.h; sourceTree = "<group>"; };
		89470B5B1C8DA65500ECBE1B /* JHDisplayLink.h */ = {isa = PBXFileReference; fileEncoding = 4; lastKnownFileType = sourcecode.c.h; path = JHDisplayLink.h; sourceTree = "<group>"; };
		89470B5C1C8DA65500ECBE1B /* JHDisplayLink.m */ = {isa = PBXFileReference; fileEncoding = 4; lastKnownFileType = sourcecode.c.objc; path = JHDisplayLink.m; sourceTree = "<group>"; };
		89470BAE1C8DF0B000ECBE1B /* libxml2.tbd */ = {isa = PBXFileReference; lastKnownFileType = "sourcecode.text-based-dylib-definition"; name = libxml2.tbd; path = usr/lib/libxml2.tbd; sourceTree = SDKROOT; };
		89470BB21C8DF13A00ECBE1B /* test.xml */ = {isa = PBXFileReference; fileEncoding = 4; lastKnownFileType = text.xml; path = test.xml; sourceTree = "<group>"; };
		89470BB51C8DF24E00ECBE1B /* DanMuDataFormatter.h */ = {isa = PBXFileReference; fileEncoding = 4; lastKnownFileType = sourcecode.c.h; path = DanMuDataFormatter.h; sourceTree = "<group>"; };
		89470BB61C8DF24E00ECBE1B /* DanMuDataFormatter.m */ = {isa = PBXFileReference; fileEncoding = 4; lastKnownFileType = sourcecode.c.objc; path = DanMuDataFormatter.m; sourceTree = "<group>"; };
		89470BB71C8DF24E00ECBE1B /* DanMuDataModel.h */ = {isa = PBXFileReference; fileEncoding = 4; lastKnownFileType = sourcecode.c.h; path = DanMuDataModel.h; sourceTree = "<group>"; };
		89470BB81C8DF24E00ECBE1B /* DanMuDataModel.m */ = {isa = PBXFileReference; fileEncoding = 4; lastKnownFileType = sourcecode.c.objc; path = DanMuDataModel.m; sourceTree = "<group>"; };
		89470BBA1C8DF24E00ECBE1B /* GDataXMLNode.h */ = {isa = PBXFileReference; fileEncoding = 4; lastKnownFileType = sourcecode.c.h; path = GDataXMLNode.h; sourceTree = "<group>"; };
		89470BBB1C8DF24E00ECBE1B /* GDataXMLNode.m */ = {isa = PBXFileReference; fileEncoding = 4; lastKnownFileType = sourcecode.c.objc; path = GDataXMLNode.m; sourceTree = "<group>"; };
		89470BBC1C8DF24E00ECBE1B /* JHDanmakuEngine+Tools.h */ = {isa = PBXFileReference; fileEncoding = 4; lastKnownFileType = sourcecode.c.h; path = "JHDanmakuEngine+Tools.h"; sourceTree = "<group>"; };
		89470BBD1C8DF24E00ECBE1B /* JHDanmakuEngine+Tools.m */ = {isa = PBXFileReference; fileEncoding = 4; lastKnownFileType = sourcecode.c.objc; path = "JHDanmakuEngine+Tools.m"; sourceTree = "<group>"; };
		89470BBE1C8DF24E00ECBE1B /* UIColor+Tools.h */ = {isa = PBXFileReference; fileEncoding = 4; lastKnownFileType = sourcecode.c.h; path = "UIColor+Tools.h"; sourceTree = "<group>"; };
		89470BBF1C8DF24E00ECBE1B /* UIColor+Tools.m */ = {isa = PBXFileReference; fileEncoding = 4; lastKnownFileType = sourcecode.c.objc; path = "UIColor+Tools.m"; sourceTree = "<group>"; };
		896F228D1D031932000384BA /* JHDanmakuHeader.h */ = {isa = PBXFileReference; lastKnownFileType = sourcecode.c.h; path = JHDanmakuHeader.h; sourceTree = "<group>"; };
/* End PBXFileReference section */

/* Begin PBXFrameworksBuildPhase section */
		89470B2D1C8DA64800ECBE1B /* Frameworks */ = {
			isa = PBXFrameworksBuildPhase;
			buildActionMask = 2147483647;
			files = (
				89470BAF1C8DF0B000ECBE1B /* libxml2.tbd in Frameworks */,
			);
			runOnlyForDeploymentPostprocessing = 0;
		};
/* End PBXFrameworksBuildPhase section */

/* Begin PBXGroup section */
		89470B271C8DA64800ECBE1B = {
			isa = PBXGroup;
			children = (
				89470BAE1C8DF0B000ECBE1B /* libxml2.tbd */,
				89470BB21C8DF13A00ECBE1B /* test.xml */,
				89470B321C8DA64800ECBE1B /* IOSDemo */,
				89470B311C8DA64800ECBE1B /* Products */,
			);
			sourceTree = "<group>";
		};
		89470B311C8DA64800ECBE1B /* Products */ = {
			isa = PBXGroup;
			children = (
				89470B301C8DA64800ECBE1B /* IOSDemo.app */,
			);
			name = Products;
			sourceTree = "<group>";
		};
		89470B321C8DA64800ECBE1B /* IOSDemo */ = {
			isa = PBXGroup;
			children = (
				89470BB41C8DF24E00ECBE1B /* Tools */,
				89470B4A1C8DA65500ECBE1B /* JHDanmakuRender */,
				89470B361C8DA64800ECBE1B /* AppDelegate.h */,
				89470B371C8DA64800ECBE1B /* AppDelegate.m */,
				89470B391C8DA64800ECBE1B /* ViewController.h */,
				89470B3A1C8DA64800ECBE1B /* ViewController.m */,
				89470B3C1C8DA64800ECBE1B /* Main.storyboard */,
				89470B3F1C8DA64800ECBE1B /* Assets.xcassets */,
				89470B411C8DA64800ECBE1B /* LaunchScreen.storyboard */,
				89470B441C8DA64800ECBE1B /* Info.plist */,
				89470B331C8DA64800ECBE1B /* Supporting Files */,
			);
			path = IOSDemo;
			sourceTree = "<group>";
		};
		89470B331C8DA64800ECBE1B /* Supporting Files */ = {
			isa = PBXGroup;
			children = (
				89470B341C8DA64800ECBE1B /* main.m */,
			);
			name = "Supporting Files";
			sourceTree = "<group>";
		};
		89470B4A1C8DA65500ECBE1B /* JHDanmakuRender */ = {
			isa = PBXGroup;
			children = (
				89470B4B1C8DA65500ECBE1B /* Danmaku */,
				896F228D1D031932000384BA /* JHDanmakuHeader.h */,
				89470B521C8DA65500ECBE1B /* DanmakuContainer.h */,
				89470B531C8DA65500ECBE1B /* DanmakuContainer.m */,
				89470B541C8DA65500ECBE1B /* JHDanmakuCanvas.h */,
				89470B551C8DA65500ECBE1B /* JHDanmakuCanvas.m */,
				89470B561C8DA65500ECBE1B /* JHDanmakuClock.h */,
				89470B571C8DA65500ECBE1B /* JHDanmakuClock.m */,
				89470B581C8DA65500ECBE1B /* JHDanmakuEngine.h */,
				89470B591C8DA65500ECBE1B /* JHDanmakuEngine.m */,
				89470B5A1C8DA65500ECBE1B /* JHDanmakuRender.h */,
				89470B5B1C8DA65500ECBE1B /* JHDisplayLink.h */,
				89470B5C1C8DA65500ECBE1B /* JHDisplayLink.m */,
			);
			name = JHDanmakuRender;
			path = ../../JHDanmakuRender;
			sourceTree = "<group>";
		};
		89470B4B1C8DA65500ECBE1B /* Danmaku */ = {
			isa = PBXGroup;
			children = (
				89470B4C1C8DA65500ECBE1B /* FloatDanmaku.h */,
				89470B4D1C8DA65500ECBE1B /* FloatDanmaku.m */,
				89470B4E1C8DA65500ECBE1B /* ParentDanmaku.h */,
				89470B4F1C8DA65500ECBE1B /* ParentDanmaku.m */,
				89470B501C8DA65500ECBE1B /* ScrollDanmaku.h */,
				89470B511C8DA65500ECBE1B /* ScrollDanmaku.m */,
			);
			path = Danmaku;
			sourceTree = "<group>";
		};
		89470BB41C8DF24E00ECBE1B /* Tools */ = {
			isa = PBXGroup;
			children = (
				89470BB51C8DF24E00ECBE1B /* DanMuDataFormatter.h */,
				89470BB61C8DF24E00ECBE1B /* DanMuDataFormatter.m */,
				89470BB71C8DF24E00ECBE1B /* DanMuDataModel.h */,
				89470BB81C8DF24E00ECBE1B /* DanMuDataModel.m */,
				89470BB91C8DF24E00ECBE1B /* GDataXML */,
				89470BBC1C8DF24E00ECBE1B /* JHDanmakuEngine+Tools.h */,
				89470BBD1C8DF24E00ECBE1B /* JHDanmakuEngine+Tools.m */,
				89470BBE1C8DF24E00ECBE1B /* UIColor+Tools.h */,
				89470BBF1C8DF24E00ECBE1B /* UIColor+Tools.m */,
			);
			path = Tools;
			sourceTree = "<group>";
		};
		89470BB91C8DF24E00ECBE1B /* GDataXML */ = {
			isa = PBXGroup;
			children = (
				89470BBA1C8DF24E00ECBE1B /* GDataXMLNode.h */,
				89470BBB1C8DF24E00ECBE1B /* GDataXMLNode.m */,
			);
			path = GDataXML;
			sourceTree = "<group>";
		};
/* End PBXGroup section */

/* Begin PBXNativeTarget section */
		89470B2F1C8DA64800ECBE1B /* IOSDemo */ = {
			isa = PBXNativeTarget;
			buildConfigurationList = 89470B471C8DA64800ECBE1B /* Build configuration list for PBXNativeTarget "IOSDemo" */;
			buildPhases = (
				89470B2C1C8DA64800ECBE1B /* Sources */,
				89470B2D1C8DA64800ECBE1B /* Frameworks */,
				89470B2E1C8DA64800ECBE1B /* Resources */,
			);
			buildRules = (
			);
			dependencies = (
			);
			name = IOSDemo;
			productName = IOSDemo;
			productReference = 89470B301C8DA64800ECBE1B /* IOSDemo.app */;
			productType = "com.apple.product-type.application";
		};
/* End PBXNativeTarget section */

/* Begin PBXProject section */
		89470B281C8DA64800ECBE1B /* Project object */ = {
			isa = PBXProject;
			attributes = {
				LastUpgradeCheck = 0720;
				ORGANIZATIONNAME = JimHuang;
				TargetAttributes = {
					89470B2F1C8DA64800ECBE1B = {
						CreatedOnToolsVersion = 7.2;
						DevelopmentTeam = Q35T78D2D5;
					};
				};
			};
			buildConfigurationList = 89470B2B1C8DA64800ECBE1B /* Build configuration list for PBXProject "IOSDemo" */;
			compatibilityVersion = "Xcode 3.2";
			developmentRegion = English;
			hasScannedForEncodings = 0;
			knownRegions = (
				en,
				Base,
			);
			mainGroup = 89470B271C8DA64800ECBE1B;
			productRefGroup = 89470B311C8DA64800ECBE1B /* Products */;
			projectDirPath = "";
			projectRoot = "";
			targets = (
				89470B2F1C8DA64800ECBE1B /* IOSDemo */,
			);
		};
/* End PBXProject section */

/* Begin PBXResourcesBuildPhase section */
		89470B2E1C8DA64800ECBE1B /* Resources */ = {
			isa = PBXResourcesBuildPhase;
			buildActionMask = 2147483647;
			files = (
				89470B431C8DA64800ECBE1B /* LaunchScreen.storyboard in Resources */,
				89470B401C8DA64800ECBE1B /* Assets.xcassets in Resources */,
				89470B3E1C8DA64800ECBE1B /* Main.storyboard in Resources */,
				89470BB31C8DF13A00ECBE1B /* test.xml in Resources */,
			);
			runOnlyForDeploymentPostprocessing = 0;
		};
/* End PBXResourcesBuildPhase section */

/* Begin PBXSourcesBuildPhase section */
		89470B2C1C8DA64800ECBE1B /* Sources */ = {
			isa = PBXSourcesBuildPhase;
			buildActionMask = 2147483647;
			files = (
				89470B5F1C8DA65500ECBE1B /* ScrollDanmaku.m in Sources */,
				89470BC21C8DF24E00ECBE1B /* GDataXMLNode.m in Sources */,
				89470B5D1C8DA65500ECBE1B /* FloatDanmaku.m in Sources */,
				89470BC41C8DF24E00ECBE1B /* UIColor+Tools.m in Sources */,
				89470BC01C8DF24E00ECBE1B /* DanMuDataFormatter.m in Sources */,
				89470B621C8DA65500ECBE1B /* JHDanmakuClock.m in Sources */,
				89470B641C8DA65500ECBE1B /* JHDisplayLink.m in Sources */,
				89470B3B1C8DA64800ECBE1B /* ViewController.m in Sources */,
				89470B611C8DA65500ECBE1B /* JHDanmakuCanvas.m in Sources */,
				89470B5E1C8DA65500ECBE1B /* ParentDanmaku.m in Sources */,
				89470B381C8DA64800ECBE1B /* AppDelegate.m in Sources */,
				89470BC11C8DF24E00ECBE1B /* DanMuDataModel.m in Sources */,
				89470B351C8DA64800ECBE1B /* main.m in Sources */,
				89470B601C8DA65500ECBE1B /* DanmakuContainer.m in Sources */,
				89470B631C8DA65500ECBE1B /* JHDanmakuEngine.m in Sources */,
				89470BC31C8DF24E00ECBE1B /* JHDanmakuEngine+Tools.m in Sources */,
			);
			runOnlyForDeploymentPostprocessing = 0;
		};
/* End PBXSourcesBuildPhase section */

/* Begin PBXVariantGroup section */
		89470B3C1C8DA64800ECBE1B /* Main.storyboard */ = {
			isa = PBXVariantGroup;
			children = (
				89470B3D1C8DA64800ECBE1B /* Base */,
			);
			name = Main.storyboard;
			sourceTree = "<group>";
		};
		89470B411C8DA64800ECBE1B /* LaunchScreen.storyboard */ = {
			isa = PBXVariantGroup;
			children = (
				89470B421C8DA64800ECBE1B /* Base */,
			);
			name = LaunchScreen.storyboard;
			sourceTree = "<group>";
		};
/* End PBXVariantGroup section */

/* Begin XCBuildConfiguration section */
		89470B451C8DA64800ECBE1B /* Debug */ = {
			isa = XCBuildConfiguration;
			buildSettings = {
				ALWAYS_SEARCH_USER_PATHS = NO;
				CLANG_CXX_LANGUAGE_STANDARD = "gnu++0x";
				CLANG_CXX_LIBRARY = "libc++";
				CLANG_ENABLE_MODULES = YES;
				CLANG_ENABLE_OBJC_ARC = YES;
				CLANG_WARN_BOOL_CONVERSION = YES;
				CLANG_WARN_CONSTANT_CONVERSION = YES;
				CLANG_WARN_DIRECT_OBJC_ISA_USAGE = YES_ERROR;
				CLANG_WARN_EMPTY_BODY = YES;
				CLANG_WARN_ENUM_CONVERSION = YES;
				CLANG_WARN_INT_CONVERSION = YES;
				CLANG_WARN_OBJC_ROOT_CLASS = YES_ERROR;
				CLANG_WARN_UNREACHABLE_CODE = YES;
				CLANG_WARN__DUPLICATE_METHOD_MATCH = YES;
				"CODE_SIGN_IDENTITY[sdk=iphoneos*]" = "iPhone Developer";
				COPY_PHASE_STRIP = NO;
				DEBUG_INFORMATION_FORMAT = dwarf;
				ENABLE_STRICT_OBJC_MSGSEND = YES;
				ENABLE_TESTABILITY = YES;
				GCC_C_LANGUAGE_STANDARD = gnu99;
				GCC_DYNAMIC_NO_PIC = NO;
				GCC_NO_COMMON_BLOCKS = YES;
				GCC_OPTIMIZATION_LEVEL = 0;
				GCC_PREPROCESSOR_DEFINITIONS = (
					"DEBUG=1",
					"$(inherited)",
				);
				GCC_WARN_64_TO_32_BIT_CONVERSION = YES;
				GCC_WARN_ABOUT_RETURN_TYPE = YES_ERROR;
				GCC_WARN_UNDECLARED_SELECTOR = YES;
				GCC_WARN_UNINITIALIZED_AUTOS = YES_AGGRESSIVE;
				GCC_WARN_UNUSED_FUNCTION = YES;
				GCC_WARN_UNUSED_VARIABLE = YES;
				IPHONEOS_DEPLOYMENT_TARGET = 7.0;
				MTL_ENABLE_DEBUG_INFO = YES;
				ONLY_ACTIVE_ARCH = YES;
				SDKROOT = iphoneos;
			};
			name = Debug;
		};
		89470B461C8DA64800ECBE1B /* Release */ = {
			isa = XCBuildConfiguration;
			buildSettings = {
				ALWAYS_SEARCH_USER_PATHS = NO;
				CLANG_CXX_LANGUAGE_STANDARD = "gnu++0x";
				CLANG_CXX_LIBRARY = "libc++";
				CLANG_ENABLE_MODULES = YES;
				CLANG_ENABLE_OBJC_ARC = YES;
				CLANG_WARN_BOOL_CONVERSION = YES;
				CLANG_WARN_CONSTANT_CONVERSION = YES;
				CLANG_WARN_DIRECT_OBJC_ISA_USAGE = YES_ERROR;
				CLANG_WARN_EMPTY_BODY = YES;
				CLANG_WARN_ENUM_CONVERSION = YES;
				CLANG_WARN_INT_CONVERSION = YES;
				CLANG_WARN_OBJC_ROOT_CLASS = YES_ERROR;
				CLANG_WARN_UNREACHABLE_CODE = YES;
				CLANG_WARN__DUPLICATE_METHOD_MATCH = YES;
				"CODE_SIGN_IDENTITY[sdk=iphoneos*]" = "iPhone Developer";
				COPY_PHASE_STRIP = NO;
				DEBUG_INFORMATION_FORMAT = "dwarf-with-dsym";
				ENABLE_NS_ASSERTIONS = NO;
				ENABLE_STRICT_OBJC_MSGSEND = YES;
				GCC_C_LANGUAGE_STANDARD = gnu99;
				GCC_NO_COMMON_BLOCKS = YES;
				GCC_WARN_64_TO_32_BIT_CONVERSION = YES;
				GCC_WARN_ABOUT_RETURN_TYPE = YES_ERROR;
				GCC_WARN_UNDECLARED_SELECTOR = YES;
				GCC_WARN_UNINITIALIZED_AUTOS = YES_AGGRESSIVE;
				GCC_WARN_UNUSED_FUNCTION = YES;
				GCC_WARN_UNUSED_VARIABLE = YES;
				IPHONEOS_DEPLOYMENT_TARGET = 7.0;
				MTL_ENABLE_DEBUG_INFO = NO;
				SDKROOT = iphoneos;
				VALIDATE_PRODUCT = YES;
			};
			name = Release;
		};
		89470B481C8DA64800ECBE1B /* Debug */ = {
			isa = XCBuildConfiguration;
			buildSettings = {
				ASSETCATALOG_COMPILER_APPICON_NAME = AppIcon;
				HEADER_SEARCH_PATHS = /usr/include/libxml2;
				INFOPLIST_FILE = IOSDemo/Info.plist;
				IPHONEOS_DEPLOYMENT_TARGET = 7.0;
				LD_RUNPATH_SEARCH_PATHS = "$(inherited) @executable_path/Frameworks";
				PRODUCT_BUNDLE_IDENTIFIER = com.jim.IOSDemo;
				PRODUCT_NAME = "$(TARGET_NAME)";
			};
			name = Debug;
		};
		89470B491C8DA64800ECBE1B /* Release */ = {
			isa = XCBuildConfiguration;
			buildSettings = {
				ASSETCATALOG_COMPILER_APPICON_NAME = AppIcon;
				HEADER_SEARCH_PATHS = /usr/include/libxml2;
				INFOPLIST_FILE = IOSDemo/Info.plist;
				IPHONEOS_DEPLOYMENT_TARGET = 7.0;
				LD_RUNPATH_SEARCH_PATHS = "$(inherited) @executable_path/Frameworks";
				PRODUCT_BUNDLE_IDENTIFIER = com.jim.IOSDemo;
				PRODUCT_NAME = "$(TARGET_NAME)";
			};
			name = Release;
		};
/* End XCBuildConfiguration section */

/* Begin XCConfigurationList section */
		89470B2B1C8DA64800ECBE1B /* Build configuration list for PBXProject "IOSDemo" */ = {
			isa = XCConfigurationList;
			buildConfigurations = (
				89470B451C8DA64800ECBE1B /* Debug */,
				89470B461C8DA64800ECBE1B /* Release */,
			);
			defaultConfigurationIsVisible = 0;
			defaultConfigurationName = Release;
		};
		89470B471C8DA64800ECBE1B /* Build configuration list for PBXNativeTarget "IOSDemo" */ = {
			isa = XCConfigurationList;
			buildConfigurations = (
				89470B481C8DA64800ECBE1B /* Debug */,
				89470B491C8DA64800ECBE1B /* Release */,
			);
			defaultConfigurationIsVisible = 0;
			defaultConfigurationName = Release;
		};
/* End XCConfigurationList section */
	};
	rootObject = 89470B281C8DA64800ECBE1B /* Project object */;
}
