// !$*UTF8*$!
{
	archiveVersion = 1;
	classes = {
	};
	objectVersion = 46;
	objects = {

/* Begin PBXBuildFile section */
		496D8A690ECCC100684BE0A6 /* libPods-OSXDemo.a in Frameworks */ = {isa = PBXBuildFile; fileRef = A4B74AC9F2DDC8FFC9173A36 /* libPods-OSXDemo.a */; };
		8904F8741C8D731F0076C284 /* AppDelegate.m in Sources */ = {isa = PBXBuildFile; fileRef = 8904F8731C8D731F0076C284 /* AppDelegate.m */; };
		8904F8771C8D731F0076C284 /* main.m in Sources */ = {isa = PBXBuildFile; fileRef = 8904F8761C8D731F0076C284 /* main.m */; };
		8904F87A1C8D731F0076C284 /* ViewController.m in Sources */ = {isa = PBXBuildFile; fileRef = 8904F8791C8D731F0076C284 /* ViewController.m */; };
		8904F87C1C8D731F0076C284 /* Assets.xcassets in Resources */ = {isa = PBXBuildFile; fileRef = 8904F87B1C8D731F0076C284 /* Assets.xcassets */; };
		8904F87F1C8D731F0076C284 /* Main.storyboard in Resources */ = {isa = PBXBuildFile; fileRef = 8904F87D1C8D731F0076C284 /* Main.storyboard */; };
		89470AFC1C8D9A6E00ECBE1B /* DanMuDataFormatter.m in Sources */ = {isa = PBXBuildFile; fileRef = 89470AF91C8D9A6E00ECBE1B /* DanMuDataFormatter.m */; };
		89470AFD1C8D9A6E00ECBE1B /* JHDanmakuEngine+Tools.m in Sources */ = {isa = PBXBuildFile; fileRef = 89470AFB1C8D9A6E00ECBE1B /* JHDanmakuEngine+Tools.m */; };
		89470B001C8D9B5700ECBE1B /* DanMuDataModel.m in Sources */ = {isa = PBXBuildFile; fileRef = 89470AFF1C8D9B5700ECBE1B /* DanMuDataModel.m */; };
		89470B091C8D9D9C00ECBE1B /* NSColor+Tools.m in Sources */ = {isa = PBXBuildFile; fileRef = 89470B081C8D9D9C00ECBE1B /* NSColor+Tools.m */; };
		897EA556244F3BA500A7CCC2 /* 149070001.json in Resources */ = {isa = PBXBuildFile; fileRef = 897EA555244F3BA500A7CCC2 /* 149070001.json */; };
/* End PBXBuildFile section */

/* Begin PBXFileReference section */
		650F43A1A5A9EE7E6BFE778B /* Pods-OSXDemo.debug.xcconfig */ = {isa = PBXFileReference; includeInIndex = 1; lastKnownFileType = text.xcconfig; name = "Pods-OSXDemo.debug.xcconfig"; path = "Pods/Target Support Files/Pods-OSXDemo/Pods-OSXDemo.debug.xcconfig"; sourceTree = "<group>"; };
		8904F86F1C8D731F0076C284 /* OSXDemo.app */ = {isa = PBXFileReference; explicitFileType = wrapper.application; includeInIndex = 0; path = OSXDemo.app; sourceTree = BUILT_PRODUCTS_DIR; };
		8904F8721C8D731F0076C284 /* AppDelegate.h */ = {isa = PBXFileReference; lastKnownFileType = sourcecode.c.h; path = AppDelegate.h; sourceTree = "<group>"; };
		8904F8731C8D731F0076C284 /* AppDelegate.m */ = {isa = PBXFileReference; lastKnownFileType = sourcecode.c.objc; path = AppDelegate.m; sourceTree = "<group>"; };
		8904F8761C8D731F0076C284 /* main.m */ = {isa = PBXFileReference; lastKnownFileType = sourcecode.c.objc; path = main.m; sourceTree = "<group>"; };
		8904F8781C8D731F0076C284 /* ViewController.h */ = {isa = PBXFileReference; lastKnownFileType = sourcecode.c.h; path = ViewController.h; sourceTree = "<group>"; };
		8904F8791C8D731F0076C284 /* ViewController.m */ = {isa = PBXFileReference; lastKnownFileType = sourcecode.c.objc; path = ViewController.m; sourceTree = "<group>"; };
		8904F87B1C8D731F0076C284 /* Assets.xcassets */ = {isa = PBXFileReference; lastKnownFileType = folder.assetcatalog; path = Assets.xcassets; sourceTree = "<group>"; };
		8904F87E1C8D731F0076C284 /* Base */ = {isa = PBXFileReference; lastKnownFileType = file.storyboard; name = Base; path = Base.lproj/Main.storyboard; sourceTree = "<group>"; };
		8904F8801C8D731F0076C284 /* Info.plist */ = {isa = PBXFileReference; lastKnownFileType = text.plist.xml; path = Info.plist; sourceTree = "<group>"; };
		89470AF81C8D9A6E00ECBE1B /* DanMuDataFormatter.h */ = {isa = PBXFileReference; fileEncoding = 4; lastKnownFileType = sourcecode.c.h; path = DanMuDataFormatter.h; sourceTree = "<group>"; };
		89470AF91C8D9A6E00ECBE1B /* DanMuDataFormatter.m */ = {isa = PBXFileReference; fileEncoding = 4; lastKnownFileType = sourcecode.c.objc; path = DanMuDataFormatter.m; sourceTree = "<group>"; };
		89470AFA1C8D9A6E00ECBE1B /* JHDanmakuEngine+Tools.h */ = {isa = PBXFileReference; fileEncoding = 4; lastKnownFileType = sourcecode.c.h; path = "JHDanmakuEngine+Tools.h"; sourceTree = "<group>"; };
		89470AFB1C8D9A6E00ECBE1B /* JHDanmakuEngine+Tools.m */ = {isa = PBXFileReference; fileEncoding = 4; lastKnownFileType = sourcecode.c.objc; path = "JHDanmakuEngine+Tools.m"; sourceTree = "<group>"; };
		89470AFE1C8D9B5700ECBE1B /* DanMuDataModel.h */ = {isa = PBXFileReference; fileEncoding = 4; lastKnownFileType = sourcecode.c.h; path = DanMuDataModel.h; sourceTree = "<group>"; };
		89470AFF1C8D9B5700ECBE1B /* DanMuDataModel.m */ = {isa = PBXFileReference; fileEncoding = 4; lastKnownFileType = sourcecode.c.objc; path = DanMuDataModel.m; sourceTree = "<group>"; };
		89470B071C8D9D9C00ECBE1B /* NSColor+Tools.h */ = {isa = PBXFileReference; fileEncoding = 4; lastKnownFileType = sourcecode.c.h; path = "NSColor+Tools.h"; sourceTree = "<group>"; };
		89470B081C8D9D9C00ECBE1B /* NSColor+Tools.m */ = {isa = PBXFileReference; fileEncoding = 4; lastKnownFileType = sourcecode.c.objc; path = "NSColor+Tools.m"; sourceTree = "<group>"; };
		897EA555244F3BA500A7CCC2 /* 149070001.json */ = {isa = PBXFileReference; fileEncoding = 4; lastKnownFileType = text.json; path = 149070001.json; sourceTree = "<group>"; };
		A4B74AC9F2DDC8FFC9173A36 /* libPods-OSXDemo.a */ = {isa = PBXFileReference; explicitFileType = archive.ar; includeInIndex = 0; path = "libPods-OSXDemo.a"; sourceTree = BUILT_PRODUCTS_DIR; };
		FE176B3A78247156CCF4E8ED /* Pods-OSXDemo.release.xcconfig */ = {isa = PBXFileReference; includeInIndex = 1; lastKnownFileType = text.xcconfig; name = "Pods-OSXDemo.release.xcconfig"; path = "Pods/Target Support Files/Pods-OSXDemo/Pods-OSXDemo.release.xcconfig"; sourceTree = "<group>"; };
/* End PBXFileReference section */

/* Begin PBXFrameworksBuildPhase section */
		8904F86C1C8D731F0076C284 /* Frameworks */ = {
			isa = PBXFrameworksBuildPhase;
			buildActionMask = 2147483647;
			files = (
				496D8A690ECCC100684BE0A6 /* libPods-OSXDemo.a in Frameworks */,
			);
			runOnlyForDeploymentPostprocessing = 0;
		};
/* End PBXFrameworksBuildPhase section */

/* Begin PBXGroup section */
		7568705FC70386A9DF3CDE6F /* Frameworks */ = {
			isa = PBXGroup;
			children = (
				A4B74AC9F2DDC8FFC9173A36 /* libPods-OSXDemo.a */,
			);
			name = Frameworks;
			sourceTree = "<group>";
		};
		8904F8661C8D731F0076C284 = {
			isa = PBXGroup;
			children = (
				8904F8711C8D731F0076C284 /* OSXDemo */,
				8904F8701C8D731F0076C284 /* Products */,
				E2525FBACEC55B862FED3D22 /* Pods */,
				7568705FC70386A9DF3CDE6F /* Frameworks */,
			);
			sourceTree = "<group>";
		};
		8904F8701C8D731F0076C284 /* Products */ = {
			isa = PBXGroup;
			children = (
				8904F86F1C8D731F0076C284 /* OSXDemo.app */,
			);
			name = Products;
			sourceTree = "<group>";
		};
		8904F8711C8D731F0076C284 /* OSXDemo */ = {
			isa = PBXGroup;
			children = (
				897EA555244F3BA500A7CCC2 /* 149070001.json */,
				89470AF71C8D9A5F00ECBE1B /* Tools */,
				8904F8721C8D731F0076C284 /* AppDelegate.h */,
				8904F8731C8D731F0076C284 /* AppDelegate.m */,
				8904F8781C8D731F0076C284 /* ViewController.h */,
				8904F8791C8D731F0076C284 /* ViewController.m */,
				8904F87B1C8D731F0076C284 /* Assets.xcassets */,
				8904F87D1C8D731F0076C284 /* Main.storyboard */,
				8904F8801C8D731F0076C284 /* Info.plist */,
				8904F8751C8D731F0076C284 /* Supporting Files */,
				89470AFE1C8D9B5700ECBE1B /* DanMuDataModel.h */,
				89470AFF1C8D9B5700ECBE1B /* DanMuDataModel.m */,
			);
			path = OSXDemo;
			sourceTree = "<group>";
		};
		8904F8751C8D731F0076C284 /* Supporting Files */ = {
			isa = PBXGroup;
			children = (
				8904F8761C8D731F0076C284 /* main.m */,
			);
			name = "Supporting Files";
			sourceTree = "<group>";
		};
		89470AF71C8D9A5F00ECBE1B /* Tools */ = {
			isa = PBXGroup;
			children = (
				89470B071C8D9D9C00ECBE1B /* NSColor+Tools.h */,
				89470B081C8D9D9C00ECBE1B /* NSColor+Tools.m */,
				89470AF81C8D9A6E00ECBE1B /* DanMuDataFormatter.h */,
				89470AF91C8D9A6E00ECBE1B /* DanMuDataFormatter.m */,
				89470AFA1C8D9A6E00ECBE1B /* JHDanmakuEngine+Tools.h */,
				89470AFB1C8D9A6E00ECBE1B /* JHDanmakuEngine+Tools.m */,
			);
			name = Tools;
			sourceTree = "<group>";
		};
		E2525FBACEC55B862FED3D22 /* Pods */ = {
			isa = PBXGroup;
			children = (
				650F43A1A5A9EE7E6BFE778B /* Pods-OSXDemo.debug.xcconfig */,
				FE176B3A78247156CCF4E8ED /* Pods-OSXDemo.release.xcconfig */,
			);
			name = Pods;
			sourceTree = "<group>";
		};
/* End PBXGroup section */

/* Begin PBXNativeTarget section */
		8904F86E1C8D731F0076C284 /* OSXDemo */ = {
			isa = PBXNativeTarget;
			buildConfigurationList = 8904F8831C8D731F0076C284 /* Build configuration list for PBXNativeTarget "OSXDemo" */;
			buildPhases = (
				D2C04942908621AD4B637821 /* [CP] Check Pods Manifest.lock */,
				8904F86B1C8D731F0076C284 /* Sources */,
				8904F86C1C8D731F0076C284 /* Frameworks */,
				8904F86D1C8D731F0076C284 /* Resources */,
			);
			buildRules = (
			);
			dependencies = (
			);
			name = OSXDemo;
			productName = OSXDemo;
			productReference = 8904F86F1C8D731F0076C284 /* OSXDemo.app */;
			productType = "com.apple.product-type.application";
		};
/* End PBXNativeTarget section */

/* Begin PBXProject section */
		8904F8671C8D731F0076C284 /* Project object */ = {
			isa = PBXProject;
			attributes = {
				LastUpgradeCheck = 1000;
				ORGANIZATIONNAME = JimHuang;
				TargetAttributes = {
					8904F86E1C8D731F0076C284 = {
						CreatedOnToolsVersion = 7.2;
						DevelopmentTeam = Q35T78D2D5;
						ProvisioningStyle = Automatic;
					};
				};
			};
			buildConfigurationList = 8904F86A1C8D731F0076C284 /* Build configuration list for PBXProject "OSXDemo" */;
			compatibilityVersion = "Xcode 3.2";
			developmentRegion = English;
			hasScannedForEncodings = 0;
			knownRegions = (
				English,
				en,
				Base,
			);
			mainGroup = 8904F8661C8D731F0076C284;
			productRefGroup = 8904F8701C8D731F0076C284 /* Products */;
			projectDirPath = "";
			projectRoot = "";
			targets = (
				8904F86E1C8D731F0076C284 /* OSXDemo */,
			);
		};
/* End PBXProject section */

/* Begin PBXResourcesBuildPhase section */
		8904F86D1C8D731F0076C284 /* Resources */ = {
			isa = PBXResourcesBuildPhase;
			buildActionMask = 2147483647;
			files = (
				897EA556244F3BA500A7CCC2 /* 149070001.json in Resources */,
				8904F87C1C8D731F0076C284 /* Assets.xcassets in Resources */,
				8904F87F1C8D731F0076C284 /* Main.storyboard in Resources */,
			);
			runOnlyForDeploymentPostprocessing = 0;
		};
/* End PBXResourcesBuildPhase section */

/* Begin PBXShellScriptBuildPhase section */
		D2C04942908621AD4B637821 /* [CP] Check Pods Manifest.lock */ = {
			isa = PBXShellScriptBuildPhase;
			buildActionMask = 2147483647;
			files = (
			);
			inputPaths = (
				"${PODS_PODFILE_DIR_PATH}/Podfile.lock",
				"${PODS_ROOT}/Manifest.lock",
			);
			name = "[CP] Check Pods Manifest.lock";
			outputPaths = (
				"$(DERIVED_FILE_DIR)/Pods-OSXDemo-checkManifestLockResult.txt",
			);
			runOnlyForDeploymentPostprocessing = 0;
			shellPath = /bin/sh;
			shellScript = "diff \"${PODS_PODFILE_DIR_PATH}/Podfile.lock\" \"${PODS_ROOT}/Manifest.lock\" > /dev/null\nif [ $? != 0 ] ; then\n    # print error to STDERR\n    echo \"error: The sandbox is not in sync with the Podfile.lock. Run 'pod install' or update your CocoaPods installation.\" >&2\n    exit 1\nfi\n# This output is used by Xcode 'outputs' to avoid re-running this script phase.\necho \"SUCCESS\" > \"${SCRIPT_OUTPUT_FILE_0}\"\n";
			showEnvVarsInLog = 0;
		};
/* End PBXShellScriptBuildPhase section */

/* Begin PBXSourcesBuildPhase section */
		8904F86B1C8D731F0076C284 /* Sources */ = {
			isa = PBXSourcesBuildPhase;
			buildActionMask = 2147483647;
			files = (
				89470AFC1C8D9A6E00ECBE1B /* DanMuDataFormatter.m in Sources */,
				89470B091C8D9D9C00ECBE1B /* NSColor+Tools.m in Sources */,
				8904F87A1C8D731F0076C284 /* ViewController.m in Sources */,
				8904F8771C8D731F0076C284 /* main.m in Sources */,
				89470B001C8D9B5700ECBE1B /* DanMuDataModel.m in Sources */,
				89470AFD1C8D9A6E00ECBE1B /* JHDanmakuEngine+Tools.m in Sources */,
				8904F8741C8D731F0076C284 /* AppDelegate.m in Sources */,
			);
			runOnlyForDeploymentPostprocessing = 0;
		};
/* End PBXSourcesBuildPhase section */

/* Begin PBXVariantGroup section */
		8904F87D1C8D731F0076C284 /* Main.storyboard */ = {
			isa = PBXVariantGroup;
			children = (
				8904F87E1C8D731F0076C284 /* Base */,
			);
			name = Main.storyboard;
			sourceTree = "<group>";
		};
/* End PBXVariantGroup section */

/* Begin XCBuildConfiguration section */
		8904F8811C8D731F0076C284 /* Debug */ = {
			isa = XCBuildConfiguration;
			buildSettings = {
				ALWAYS_SEARCH_USER_PATHS = NO;
				CLANG_CXX_LANGUAGE_STANDARD = "gnu++0x";
				CLANG_CXX_LIBRARY = "libc++";
				CLANG_ENABLE_MODULES = YES;
				CLANG_ENABLE_OBJC_ARC = YES;
				CLANG_WARN_BLOCK_CAPTURE_AUTORELEASING = YES;
				CLANG_WARN_BOOL_CONVERSION = YES;
				CLANG_WARN_COMMA = YES;
				CLANG_WARN_CONSTANT_CONVERSION = YES;
				CLANG_WARN_DEPRECATED_OBJC_IMPLEMENTATIONS = YES;
				CLANG_WARN_DIRECT_OBJC_ISA_USAGE = YES_ERROR;
				CLANG_WARN_EMPTY_BODY = YES;
				CLANG_WARN_ENUM_CONVERSION = YES;
				CLANG_WARN_INFINITE_RECURSION = YES;
				CLANG_WARN_INT_CONVERSION = YES;
				CLANG_WARN_NON_LITERAL_NULL_CONVERSION = YES;
				CLANG_WARN_OBJC_IMPLICIT_RETAIN_SELF = YES;
				CLANG_WARN_OBJC_LITERAL_CONVERSION = YES;
				CLANG_WARN_OBJC_ROOT_CLASS = YES_ERROR;
				CLANG_WARN_RANGE_LOOP_ANALYSIS = YES;
				CLANG_WARN_STRICT_PROTOTYPES = YES;
				CLANG_WARN_SUSPICIOUS_MOVE = YES;
				CLANG_WARN_UNREACHABLE_CODE = YES;
				CLANG_WARN__DUPLICATE_METHOD_MATCH = YES;
				CODE_SIGN_IDENTITY = "-";
				COPY_PHASE_STRIP = NO;
				DEBUG_INFORMATION_FORMAT = dwarf;
				ENABLE_STRICT_OBJC_MSGSEND = YES;
				ENABLE_TESTABILITY = YES;
				GCC_C_LANGUAGE_STANDARD = gnu99;
				GCC_DYNAMIC_NO_PIC = NO;
				GCC_NO_COMMON_BLOCKS = YES;
				GCC_OPTIMIZATION_LEVEL = 0;
				GCC_PREPROCESSOR_DEFINITIONS = (
					"DEBUG=1",
					"$(inherited)",
				);
				GCC_WARN_64_TO_32_BIT_CONVERSION = YES;
				GCC_WARN_ABOUT_RETURN_TYPE = YES_ERROR;
				GCC_WARN_UNDECLARED_SELECTOR = YES;
				GCC_WARN_UNINITIALIZED_AUTOS = YES_AGGRESSIVE;
				GCC_WARN_UNUSED_FUNCTION = YES;
				GCC_WARN_UNUSED_VARIABLE = YES;
				MACOSX_DEPLOYMENT_TARGET = 10.10;
				MTL_ENABLE_DEBUG_INFO = YES;
				ONLY_ACTIVE_ARCH = YES;
				SDKROOT = macosx;
			};
			name = Debug;
		};
		8904F8821C8D731F0076C284 /* Release */ = {
			isa = XCBuildConfiguration;
			buildSettings = {
				ALWAYS_SEARCH_USER_PATHS = NO;
				CLANG_CXX_LANGUAGE_STANDARD = "gnu++0x";
				CLANG_CXX_LIBRARY = "libc++";
				CLANG_ENABLE_MODULES = YES;
				CLANG_ENABLE_OBJC_ARC = YES;
				CLANG_WARN_BLOCK_CAPTURE_AUTORELEASING = YES;
				CLANG_WARN_BOOL_CONVERSION = YES;
				CLANG_WARN_COMMA = YES;
				CLANG_WARN_CONSTANT_CONVERSION = YES;
				CLANG_WARN_DEPRECATED_OBJC_IMPLEMENTATIONS = YES;
				CLANG_WARN_DIRECT_OBJC_ISA_USAGE = YES_ERROR;
				CLANG_WARN_EMPTY_BODY = YES;
				CLANG_WARN_ENUM_CONVERSION = YES;
				CLANG_WARN_INFINITE_RECURSION = YES;
				CLANG_WARN_INT_CONVERSION = YES;
				CLANG_WARN_NON_LITERAL_NULL_CONVERSION = YES;
				CLANG_WARN_OBJC_IMPLICIT_RETAIN_SELF = YES;
				CLANG_WARN_OBJC_LITERAL_CONVERSION = YES;
				CLANG_WARN_OBJC_ROOT_CLASS = YES_ERROR;
				CLANG_WARN_RANGE_LOOP_ANALYSIS = YES;
				CLANG_WARN_STRICT_PROTOTYPES = YES;
				CLANG_WARN_SUSPICIOUS_MOVE = YES;
				CLANG_WARN_UNREACHABLE_CODE = YES;
				CLANG_WARN__DUPLICATE_METHOD_MATCH = YES;
				CODE_SIGN_IDENTITY = "-";
				COPY_PHASE_STRIP = NO;
				DEBUG_INFORMATION_FORMAT = "dwarf-with-dsym";
				ENABLE_NS_ASSERTIONS = NO;
				ENABLE_STRICT_OBJC_MSGSEND = YES;
				GCC_C_LANGUAGE_STANDARD = gnu99;
				GCC_NO_COMMON_BLOCKS = YES;
				GCC_WARN_64_TO_32_BIT_CONVERSION = YES;
				GCC_WARN_ABOUT_RETURN_TYPE = YES_ERROR;
				GCC_WARN_UNDECLARED_SELECTOR = YES;
				GCC_WARN_UNINITIALIZED_AUTOS = YES_AGGRESSIVE;
				GCC_WARN_UNUSED_FUNCTION = YES;
				GCC_WARN_UNUSED_VARIABLE = YES;
				MACOSX_DEPLOYMENT_TARGET = 10.10;
				MTL_ENABLE_DEBUG_INFO = NO;
				SDKROOT = macosx;
			};
			name = Release;
		};
		8904F8841C8D731F0076C284 /* Debug */ = {
			isa = XCBuildConfiguration;
			baseConfigurationReference = 650F43A1A5A9EE7E6BFE778B /* Pods-OSXDemo.debug.xcconfig */;
			buildSettings = {
				ASSETCATALOG_COMPILER_APPICON_NAME = AppIcon;
				CODE_SIGN_IDENTITY = "-";
				CODE_SIGN_STYLE = Automatic;
				COMBINE_HIDPI_IMAGES = YES;
				DEVELOPMENT_TEAM = Q35T78D2D5;
				GCC_PREFIX_HEADER = "";
				INFOPLIST_FILE = OSXDemo/Info.plist;
				LD_RUNPATH_SEARCH_PATHS = "$(inherited) @executable_path/../Frameworks";
				MACOSX_DEPLOYMENT_TARGET = 10.10;
				PRODUCT_BUNDLE_IDENTIFIER = com.jim.OSXDemo;
				PRODUCT_NAME = "$(TARGET_NAME)";
				PROVISIONING_PROFILE_SPECIFIER = "";
			};
			name = Debug;
		};
		8904F8851C8D731F0076C284 /* Release */ = {
			isa = XCBuildConfiguration;
			baseConfigurationReference = FE176B3A78247156CCF4E8ED /* Pods-OSXDemo.release.xcconfig */;
			buildSettings = {
				ASSETCATALOG_COMPILER_APPICON_NAME = AppIcon;
				CODE_SIGN_IDENTITY = "-";
				CODE_SIGN_STYLE = Automatic;
				COMBINE_HIDPI_IMAGES = YES;
				DEVELOPMENT_TEAM = Q35T78D2D5;
				GCC_PREFIX_HEADER = "";
				INFOPLIST_FILE = OSXDemo/Info.plist;
				LD_RUNPATH_SEARCH_PATHS = "$(inherited) @executable_path/../Frameworks";
				MACOSX_DEPLOYMENT_TARGET = 10.10;
				PRODUCT_BUNDLE_IDENTIFIER = com.jim.OSXDemo;
				PRODUCT_NAME = "$(TARGET_NAME)";
				PROVISIONING_PROFILE_SPECIFIER = "";
			};
			name = Release;
		};
/* End XCBuildConfiguration section */

/* Begin XCConfigurationList section */
		8904F86A1C8D731F0076C284 /* Build configuration list for PBXProject "OSXDemo" */ = {
			isa = XCConfigurationList;
			buildConfigurations = (
				8904F8811C8D731F0076C284 /* Debug */,
				8904F8821C8D731F0076C284 /* Release */,
			);
			defaultConfigurationIsVisible = 0;
			defaultConfigurationName = Release;
		};
		8904F8831C8D731F0076C284 /* Build configuration list for PBXNativeTarget "OSXDemo" */ = {
			isa = XCConfigurationList;
			buildConfigurations = (
				8904F8841C8D731F0076C284 /* Debug */,
				8904F8851C8D731F0076C284 /* Release */,
			);
			defaultConfigurationIsVisible = 0;
			defaultConfigurationName = Release;
		};
/* End XCConfigurationList section */
	};
	rootObject = 8904F8671C8D731F0076C284 /* Project object */;
}
